
Microsoft Visual Studio Solution File, Format Version 12.00
# Visual Studio 2013
VisualStudioVersion = 12.0.40629.0
MinimumVisualStudioVersion = 10.0.40219.1
Project("{FAE04EC0-301F-11D3-BF4B-00C04F79EFBC}") = "Counter.Api", "Counter.Api\Counter.Api.csproj", "{73785BA7-1FF1-42EC-898D-8D5E452B8AC0}"
EndProject
Project("{FAE04EC0-301F-11D3-BF4B-00C04F79EFBC}") = "Counter.Api.AzureTableStorage", "Counter.Api.AzureTableStorage\Counter.Api.AzureTableStorage.csproj", "{694F516A-2602-4F30-A291-DF0D47631F49}"
EndProject
Project("{FAE04EC0-301F-11D3-BF4B-00C04F79EFBC}") = "Counter.Api.Core", "Counter.Api.Core\Counter.Api.Core.csproj", "{CB936856-0547-4BE0-9CC1-3EA05BC35E1C}"
EndProject
Global
	GlobalSection(SolutionConfigurationPlatforms) = preSolution
		Debug|Any CPU = Debug|Any CPU
		Release|Any CPU = Release|Any CPU
	EndGlobalSection
	GlobalSection(ProjectConfigurationPlatforms) = postSolution
		{73785BA7-1FF1-42EC-898D-8D5E452B8AC0}.Debug|Any CPU.ActiveCfg = Debug|Any CPU
		{73785BA7-1FF1-42EC-898D-8D5E452B8AC0}.Debug|Any CPU.Build.0 = Debug|Any CPU
		{73785BA7-1FF1-42EC-898D-8D5E452B8AC0}.Release|Any CPU.ActiveCfg = Release|Any CPU
		{73785BA7-1FF1-42EC-898D-8D5E452B8AC0}.Release|Any CPU.Build.0 = Release|Any CPU
		{694F516A-2602-4F30-A291-DF0D47631F49}.Debug|Any CPU.ActiveCfg = Debug|Any CPU
		{694F516A-2602-4F30-A291-DF0D47631F49}.Debug|Any CPU.Build.0 = Debug|Any CPU
		{694F516A-2602-4F30-A291-DF0D47631F49}.Release|Any CPU.ActiveCfg = Release|Any CPU
		{694F516A-2602-4F30-A291-DF0D47631F49}.Release|Any CPU.Build.0 = Release|Any CPU
		{CB936856-0547-4BE0-9CC1-3EA05BC35E1C}.Debug|Any CPU.ActiveCfg = Debug|Any CPU
		{CB936856-0547-4BE0-9CC1-3EA05BC35E1C}.Debug|Any CPU.Build.0 = Debug|Any CPU
		{CB936856-0547-4BE0-9CC1-3EA05BC35E1C}.Release|Any CPU.ActiveCfg = Release|Any CPU
		{CB936856-0547-4BE0-9CC1-3EA05BC35E1C}.Release|Any CPU.Build.0 = Release|Any CPU
	EndGlobalSection
	GlobalSection(SolutionProperties) = preSolution
		HideSolutionNode = FALSE
	EndGlobalSection
EndGlobal
